{
  "object": {
    "pins": [
      {
        "package": "KeyboardKit",
        "repositoryURL": "https://github.com/danielsaidi/KeyboardKit",
        "state": {
          "branch": "layout",
          "revision": "50edaf4213b4faf38fbeefbe88fc704d1b46ae18",
          "version": null
        }
      }
    ]
  },
  "version": 1
}
