{
  "object": {
    "pins": [
      {
        "package": "KeyboardKit",
        "repositoryURL": "https://github.com/danielsaidi/KeyboardKit",
        "state": {
          "branch": "v4.0",
          "revision": "fc33ec243a233dc5b538c715d647b81552e599f1",
          "version": null
        }
      }
    ]
  },
  "version": 1
}
