{
  "object": {
    "pins": [
      {
        "package": "KeyboardKit",
        "repositoryURL": "https://github.com/danielsaidi/KeyboardKit",
        "state": {
          "branch": "layout",
          "revision": "bea579a069f104f677e64898386abbd3b0774584",
          "version": null
        }
      }
    ]
  },
  "version": 1
}
